
Microsoft Visual Studio Solution File, Format Version 12.00
# Visual Studio Version 17
VisualStudioVersion = 17.3.32929.385
MinimumVisualStudioVersion = 10.0.40219.1
Project("{9A19103F-16F7-4668-BE54-9A1E7A4F7556}") = "TestSystem", "TestSystem\TestSystem.csproj", "{F53F170A-3F0E-42FB-9894-D085C2BA443A}"
EndProject
Project("{9A19103F-16F7-4668-BE54-9A1E7A4F7556}") = "TestSystemModerator", "TestSystemModerator\TestSystemModerator.csproj", "{F9785C76-29E4-4ABD-AE40-9CB6D1D08229}"
EndProject
Project("{54435603-DBB4-11D2-8724-00A0C9A8B90C}") = "Setup_TestSystem", "Setup_TestSystem\Setup_TestSystem.vdproj", "{F3C71D86-6ABD-4501-B708-412203AC193E}"
EndProject
Global
	GlobalSection(SolutionConfigurationPlatforms) = preSolution
		Debug|Any CPU = Debug|Any CPU
		Debug|x86 = Debug|x86
		Release|Any CPU = Release|Any CPU
		Release|x86 = Release|x86
	EndGlobalSection
	GlobalSection(ProjectConfigurationPlatforms) = postSolution
		{F53F170A-3F0E-42FB-9894-D085C2BA443A}.Debug|Any CPU.ActiveCfg = Debug|Any CPU
		{F53F170A-3F0E-42FB-9894-D085C2BA443A}.Debug|Any CPU.Build.0 = Debug|Any CPU
		{F53F170A-3F0E-42FB-9894-D085C2BA443A}.Debug|x86.ActiveCfg = Debug|x86
		{F53F170A-3F0E-42FB-9894-D085C2BA443A}.Debug|x86.Build.0 = Debug|x86
		{F53F170A-3F0E-42FB-9894-D085C2BA443A}.Release|Any CPU.ActiveCfg = Release|Any CPU
		{F53F170A-3F0E-42FB-9894-D085C2BA443A}.Release|Any CPU.Build.0 = Release|Any CPU
		{F53F170A-3F0E-42FB-9894-D085C2BA443A}.Release|x86.ActiveCfg = Release|x86
		{F53F170A-3F0E-42FB-9894-D085C2BA443A}.Release|x86.Build.0 = Release|x86
		{F9785C76-29E4-4ABD-AE40-9CB6D1D08229}.Debug|Any CPU.ActiveCfg = Debug|Any CPU
		{F9785C76-29E4-4ABD-AE40-9CB6D1D08229}.Debug|Any CPU.Build.0 = Debug|Any CPU
		{F9785C76-29E4-4ABD-AE40-9CB6D1D08229}.Debug|x86.ActiveCfg = Debug|x86
		{F9785C76-29E4-4ABD-AE40-9CB6D1D08229}.Debug|x86.Build.0 = Debug|x86
		{F9785C76-29E4-4ABD-AE40-9CB6D1D08229}.Release|Any CPU.ActiveCfg = Release|Any CPU
		{F9785C76-29E4-4ABD-AE40-9CB6D1D08229}.Release|Any CPU.Build.0 = Release|Any CPU
		{F9785C76-29E4-4ABD-AE40-9CB6D1D08229}.Release|x86.ActiveCfg = Release|x86
		{F9785C76-29E4-4ABD-AE40-9CB6D1D08229}.Release|x86.Build.0 = Release|x86
		{F3C71D86-6ABD-4501-B708-412203AC193E}.Debug|Any CPU.ActiveCfg = Debug
		{F3C71D86-6ABD-4501-B708-412203AC193E}.Debug|x86.ActiveCfg = Debug
		{F3C71D86-6ABD-4501-B708-412203AC193E}.Release|Any CPU.ActiveCfg = Release
		{F3C71D86-6ABD-4501-B708-412203AC193E}.Release|x86.ActiveCfg = Release
	EndGlobalSection
	GlobalSection(SolutionProperties) = preSolution
		HideSolutionNode = FALSE
	EndGlobalSection
	GlobalSection(ExtensibilityGlobals) = postSolution
		SolutionGuid = {300C0ABF-1208-4144-B7F9-72A8E0E50D0F}
	EndGlobalSection
EndGlobal
